{
    "requires": true,
    "lockfileVersion": 1,
    "dependencies": {
        "supervisor": {
            "version": "0.12.0",
            "resolved": "https://registry.npm.taobao.org/supervisor/download/supervisor-0.12.0.tgz",
            "integrity": "sha1-3n5jNwFbKRhRwQ81OMSn8EkX7ME="
        },
        "uuid": {
            "version": "8.3.0",
            "resolved": "https://registry.npm.taobao.org/uuid/download/uuid-8.3.0.tgz?cache=0&sync_timestamp=1595886641252&other_urls=https%3A%2F%2Fregistry.npm.taobao.org%2Fuuid%2Fdownload%2Fuuid-8.3.0.tgz",
            "integrity": "sha1-q3OAhcoi3JqMknJeRZsdUH311uo="
        },
        "ws": {
            "version": "7.3.1",
            "resolved": "https://registry.npm.taobao.org/ws/download/ws-7.3.1.tgz?cache=0&sync_timestamp=1593925481882&other_urls=https%3A%2F%2Fregistry.npm.taobao.org%2Fws%2Fdownload%2Fws-7.3.1.tgz",
            "integrity": "sha1-0FR79n985PEqct/jEmLGjX3FUcg="
        }
    }
}
